
Microsoft Visual Studio Solution File, Format Version 12.00
# Visual Studio Version 17
VisualStudioVersion = 17.3.32819.101
MinimumVisualStudioVersion = 10.0.40219.1
Project("{9A19103F-16F7-4668-BE54-9A1E7A4F7556}") = "Algorithms", "Algorithms.csproj", "{3B6624E7-0819-4D3E-A9B3-A4AC5AAD2024}"
EndProject
Global
	GlobalSection(SolutionConfigurationPlatforms) = preSolution
		Debug|Any CPU = Debug|Any CPU
		Release|Any CPU = Release|Any CPU
	EndGlobalSection
	GlobalSection(ProjectConfigurationPlatforms) = postSolution
		{3B6624E7-0819-4D3E-A9B3-A4AC5AAD2024}.Debug|Any CPU.ActiveCfg = Debug|Any CPU
		{3B6624E7-0819-4D3E-A9B3-A4AC5AAD2024}.Debug|Any CPU.Build.0 = Debug|Any CPU
		{3B6624E7-0819-4D3E-A9B3-A4AC5AAD2024}.Release|Any CPU.ActiveCfg = Release|Any CPU
		{3B6624E7-0819-4D3E-A9B3-A4AC5AAD2024}.Release|Any CPU.Build.0 = Release|Any CPU
	EndGlobalSection
	GlobalSection(SolutionProperties) = preSolution
		HideSolutionNode = FALSE
	EndGlobalSection
	GlobalSection(ExtensibilityGlobals) = postSolution
		SolutionGuid = {2D0B7EA3-BE25-4BE9-8A69-D78B8F64845D}
	EndGlobalSection
EndGlobal
